
Microsoft Visual Studio Solution File, Format Version 12.00
# Visual Studio 15
VisualStudioVersion = 15.0.26430.15
MinimumVisualStudioVersion = 10.0.40219.1
Project("{8BC9CEB8-8B4A-11D0-8D11-00A0C91BC942}") = "ska_core", "..\ska\ska_core\ska_core.vcxproj", "{A8719202-D043-4D78-A1C5-3EC97CFB2B8A}"
EndProject
Project("{8BC9CEB8-8B4A-11D0-8D11-00A0C91BC942}") = "ska_draw", "..\ska\ska_draw\ska_draw.vcxproj", "{FC4EB4A0-2033-47EA-B5E9-EFB0DAE59A65}"
EndProject
Project("{8BC9CEB8-8B4A-11D0-8D11-00A0C91BC942}") = "ska_physic", "..\ska\ska_physic\ska_physic.vcxproj", "{509EC505-134A-4CD9-A230-7DCB8DE36695}"
EndProject
Project("{8BC9CEB8-8B4A-11D0-8D11-00A0C91BC942}") = "ska_audio", "..\ska\ska_audio\ska_audio.vcxproj", "{DFF1D027-750D-4245-A5CC-CE8A53181C3D}"
EndProject
Project("{8BC9CEB8-8B4A-11D0-8D11-00A0C91BC942}") = "ska_gui", "..\ska\ska_gui\ska_gui.vcxproj", "{8FBDACFA-3964-4952-8ADC-836BF4FDF0D1}"
EndProject
Project("{8BC9CEB8-8B4A-11D0-8D11-00A0C91BC942}") = "terminal", "terminal\terminal.vcxproj", "{36CA89A2-4AAF-4CE6-B92A-D9E42A44548C}"
	ProjectSection(ProjectDependencies) = postProject
		{A8719202-D043-4D78-A1C5-3EC97CFB2B8A} = {A8719202-D043-4D78-A1C5-3EC97CFB2B8A}
		{509EC505-134A-4CD9-A230-7DCB8DE36695} = {509EC505-134A-4CD9-A230-7DCB8DE36695}
		{DFF1D027-750D-4245-A5CC-CE8A53181C3D} = {DFF1D027-750D-4245-A5CC-CE8A53181C3D}
		{E822F236-8EDF-4F81-8AE2-C54A7D2A8950} = {E822F236-8EDF-4F81-8AE2-C54A7D2A8950}
		{FC4EB4A0-2033-47EA-B5E9-EFB0DAE59A65} = {FC4EB4A0-2033-47EA-B5E9-EFB0DAE59A65}
		{8FBDACFA-3964-4952-8ADC-836BF4FDF0D1} = {8FBDACFA-3964-4952-8ADC-836BF4FDF0D1}
	EndProjectSection
EndProject
Project("{8BC9CEB8-8B4A-11D0-8D11-00A0C91BC942}") = "ska_particle", "..\ska\ska_particle\ska_particle.vcxproj", "{E822F236-8EDF-4F81-8AE2-C54A7D2A8950}"
EndProject
Global
	GlobalSection(SolutionConfigurationPlatforms) = preSolution
		Debug|x64 = Debug|x64
		Debug|x86 = Debug|x86
		Release|x64 = Release|x64
		Release|x86 = Release|x86
	EndGlobalSection
	GlobalSection(ProjectConfigurationPlatforms) = postSolution
		{A8719202-D043-4D78-A1C5-3EC97CFB2B8A}.Debug|x64.ActiveCfg = Debug|x64
		{A8719202-D043-4D78-A1C5-3EC97CFB2B8A}.Debug|x64.Build.0 = Debug|x64
		{A8719202-D043-4D78-A1C5-3EC97CFB2B8A}.Debug|x86.ActiveCfg = Debug|Win32
		{A8719202-D043-4D78-A1C5-3EC97CFB2B8A}.Debug|x86.Build.0 = Debug|Win32
		{A8719202-D043-4D78-A1C5-3EC97CFB2B8A}.Release|x64.ActiveCfg = Release|x64
		{A8719202-D043-4D78-A1C5-3EC97CFB2B8A}.Release|x64.Build.0 = Release|x64
		{A8719202-D043-4D78-A1C5-3EC97CFB2B8A}.Release|x86.ActiveCfg = Release|Win32
		{A8719202-D043-4D78-A1C5-3EC97CFB2B8A}.Release|x86.Build.0 = Release|Win32
		{FC4EB4A0-2033-47EA-B5E9-EFB0DAE59A65}.Debug|x64.ActiveCfg = Debug|x64
		{FC4EB4A0-2033-47EA-B5E9-EFB0DAE59A65}.Debug|x64.Build.0 = Debug|x64
		{FC4EB4A0-2033-47EA-B5E9-EFB0DAE59A65}.Debug|x86.ActiveCfg = Debug|Win32
		{FC4EB4A0-2033-47EA-B5E9-EFB0DAE59A65}.Debug|x86.Build.0 = Debug|Win32
		{FC4EB4A0-2033-47EA-B5E9-EFB0DAE59A65}.Release|x64.ActiveCfg = Release|x64
		{FC4EB4A0-2033-47EA-B5E9-EFB0DAE59A65}.Release|x64.Build.0 = Release|x64
		{FC4EB4A0-2033-47EA-B5E9-EFB0DAE59A65}.Release|x86.ActiveCfg = Release|Win32
		{FC4EB4A0-2033-47EA-B5E9-EFB0DAE59A65}.Release|x86.Build.0 = Release|Win32
		{509EC505-134A-4CD9-A230-7DCB8DE36695}.Debug|x64.ActiveCfg = Debug|x64
		{509EC505-134A-4CD9-A230-7DCB8DE36695}.Debug|x64.Build.0 = Debug|x64
		{509EC505-134A-4CD9-A230-7DCB8DE36695}.Debug|x86.ActiveCfg = Debug|Win32
		{509EC505-134A-4CD9-A230-7DCB8DE36695}.Debug|x86.Build.0 = Debug|Win32
		{509EC505-134A-4CD9-A230-7DCB8DE36695}.Release|x64.ActiveCfg = Release|x64
		{509EC505-134A-4CD9-A230-7DCB8DE36695}.Release|x64.Build.0 = Release|x64
		{509EC505-134A-4CD9-A230-7DCB8DE36695}.Release|x86.ActiveCfg = Release|Win32
		{509EC505-134A-4CD9-A230-7DCB8DE36695}.Release|x86.Build.0 = Release|Win32
		{DFF1D027-750D-4245-A5CC-CE8A53181C3D}.Debug|x64.ActiveCfg = Debug|x64
		{DFF1D027-750D-4245-A5CC-CE8A53181C3D}.Debug|x64.Build.0 = Debug|x64
		{DFF1D027-750D-4245-A5CC-CE8A53181C3D}.Debug|x86.ActiveCfg = Debug|Win32
		{DFF1D027-750D-4245-A5CC-CE8A53181C3D}.Debug|x86.Build.0 = Debug|Win32
		{DFF1D027-750D-4245-A5CC-CE8A53181C3D}.Release|x64.ActiveCfg = Release|x64
		{DFF1D027-750D-4245-A5CC-CE8A53181C3D}.Release|x64.Build.0 = Release|x64
		{DFF1D027-750D-4245-A5CC-CE8A53181C3D}.Release|x86.ActiveCfg = Release|Win32
		{DFF1D027-750D-4245-A5CC-CE8A53181C3D}.Release|x86.Build.0 = Release|Win32
		{8FBDACFA-3964-4952-8ADC-836BF4FDF0D1}.Debug|x64.ActiveCfg = Debug|x64
		{8FBDACFA-3964-4952-8ADC-836BF4FDF0D1}.Debug|x64.Build.0 = Debug|x64
		{8FBDACFA-3964-4952-8ADC-836BF4FDF0D1}.Debug|x86.ActiveCfg = Debug|Win32
		{8FBDACFA-3964-4952-8ADC-836BF4FDF0D1}.Debug|x86.Build.0 = Debug|Win32
		{8FBDACFA-3964-4952-8ADC-836BF4FDF0D1}.Release|x64.ActiveCfg = Release|x64
		{8FBDACFA-3964-4952-8ADC-836BF4FDF0D1}.Release|x64.Build.0 = Release|x64
		{8FBDACFA-3964-4952-8ADC-836BF4FDF0D1}.Release|x86.ActiveCfg = Release|Win32
		{8FBDACFA-3964-4952-8ADC-836BF4FDF0D1}.Release|x86.Build.0 = Release|Win32
		{36CA89A2-4AAF-4CE6-B92A-D9E42A44548C}.Debug|x64.ActiveCfg = Debug|x64
		{36CA89A2-4AAF-4CE6-B92A-D9E42A44548C}.Debug|x64.Build.0 = Debug|x64
		{36CA89A2-4AAF-4CE6-B92A-D9E42A44548C}.Debug|x86.ActiveCfg = Debug|Win32
		{36CA89A2-4AAF-4CE6-B92A-D9E42A44548C}.Debug|x86.Build.0 = Debug|Win32
		{36CA89A2-4AAF-4CE6-B92A-D9E42A44548C}.Release|x64.ActiveCfg = Release|x64
		{36CA89A2-4AAF-4CE6-B92A-D9E42A44548C}.Release|x64.Build.0 = Release|x64
		{36CA89A2-4AAF-4CE6-B92A-D9E42A44548C}.Release|x86.ActiveCfg = Release|Win32
		{36CA89A2-4AAF-4CE6-B92A-D9E42A44548C}.Release|x86.Build.0 = Release|Win32
		{E822F236-8EDF-4F81-8AE2-C54A7D2A8950}.Debug|x64.ActiveCfg = Debug|x64
		{E822F236-8EDF-4F81-8AE2-C54A7D2A8950}.Debug|x64.Build.0 = Debug|x64
		{E822F236-8EDF-4F81-8AE2-C54A7D2A8950}.Debug|x86.ActiveCfg = Debug|Win32
		{E822F236-8EDF-4F81-8AE2-C54A7D2A8950}.Debug|x86.Build.0 = Debug|Win32
		{E822F236-8EDF-4F81-8AE2-C54A7D2A8950}.Release|x64.ActiveCfg = Release|x64
		{E822F236-8EDF-4F81-8AE2-C54A7D2A8950}.Release|x64.Build.0 = Release|x64
		{E822F236-8EDF-4F81-8AE2-C54A7D2A8950}.Release|x86.ActiveCfg = Release|Win32
		{E822F236-8EDF-4F81-8AE2-C54A7D2A8950}.Release|x86.Build.0 = Release|Win32
	EndGlobalSection
	GlobalSection(SolutionProperties) = preSolution
		HideSolutionNode = FALSE
	EndGlobalSection
EndGlobal
